# THIS IS AN AUTOGENERATED FILE. DO NOT EDIT THIS FILE DIRECTLY.
# yarn lockfile v1


"@bufbuild/buf-darwin-arm64@1.30.0":
  version "1.30.0"
  resolved "https://registry.yarnpkg.com/@bufbuild/buf-darwin-arm64/-/buf-darwin-arm64-1.30.0.tgz#5fa3aed8af0dadefa9b6e9d14569300d4ca3af73"
  integrity sha512-EUhh/hiazZPyf6I0HcQHf/ODZAq2js+PdIbemEWm8WQV29rqhY/stRxKDF755gG5xNr4xwhraQXYTizG3MZV5A==

"@bufbuild/buf-darwin-x64@1.30.0":
  version "1.30.0"
  resolved "https://registry.yarnpkg.com/@bufbuild/buf-darwin-x64/-/buf-darwin-x64-1.30.0.tgz#c129ce4b77cfb80a799d8d046c2dd1b51ad00ef7"
  integrity sha512-ID9G93hlpvy3KwYqu1UFZCFHaQ7KDESH3OmL33ASpdCojtQbD7EtKCQe8vwIW2raim7lSocSHLyZuLCUAvWoUw==

"@bufbuild/buf-linux-aarch64@1.30.0":
  version "1.30.0"
  resolved "https://registry.yarnpkg.com/@bufbuild/buf-linux-aarch64/-/buf-linux-aarch64-1.30.0.tgz#b39ce6b962cea6b6cc16cfd256fa56c47f7bc126"
  integrity sha512-VTp5YnfsHtCmRNqGAgzSm18fCTVw8ErK0Lk506CWtqqGhPJ+lWuVkxgAAzG+qoK4LZXIpX9dXxkoqdb+L1NTkg==

"@bufbuild/buf-linux-x64@1.30.0":
  version "1.30.0"
  resolved "https://registry.yarnpkg.com/@bufbuild/buf-linux-x64/-/buf-linux-x64-1.30.0.tgz#99a5c7a8cf6a2ca04d91b5fbe7a09f4245221e01"
  integrity sha512-XBasj1Baf/lJIiJbX40RDjM8OLS3eVIiilnDqQ7ZL3WOCn6gROYr9lLjlUg9GYox9On5LCFp3536zfr3hNqQwg==

"@bufbuild/buf-win32-arm64@1.30.0":
  version "1.30.0"
  resolved "https://registry.yarnpkg.com/@bufbuild/buf-win32-arm64/-/buf-win32-arm64-1.30.0.tgz#d33a6565e351a449401816f5cadd48c88eeafa1b"
  integrity sha512-1C18Abq2GpBeGP54VOr9ABzSobynH/q8pUkbY6ftp7JIYdrCvKfJmianEpvTHJWl5kwe3UP9xYYgr5Yt+Y/8Yw==

"@bufbuild/buf-win32-x64@1.30.0":
  version "1.30.0"
  resolved "https://registry.yarnpkg.com/@bufbuild/buf-win32-x64/-/buf-win32-x64-1.30.0.tgz#6006e4f0cbe3c36036830fa3b4e3aede0138b8fb"
  integrity sha512-uRc05jpbvdUxKSHpUj6RfNR3yJTIdSYccgtupgc6qPoDXE+KveyqjbA0CqIqXhgJmgyggBcYLEbX+tdtz5LRhA==

"@bufbuild/buf@^1.28.0":
  version "1.30.0"
  resolved "https://registry.yarnpkg.com/@bufbuild/buf/-/buf-1.30.0.tgz#765a5926bf0d87c2ebfd7fba6552fdfda3096a4b"
  integrity sha512-SImlJJA+9uDccWzt6SFXJwRQE/6fGv2cIKyXqDJCWthYMMYw9/QOdM/pXg5JZx1XJrHiEvzZ0y+ump7Q08/FPw==
  optionalDependencies:
    "@bufbuild/buf-darwin-arm64" "1.30.0"
    "@bufbuild/buf-darwin-x64" "1.30.0"
    "@bufbuild/buf-linux-aarch64" "1.30.0"
    "@bufbuild/buf-linux-x64" "1.30.0"
    "@bufbuild/buf-win32-arm64" "1.30.0"
    "@bufbuild/buf-win32-x64" "1.30.0"

"@bufbuild/protobuf@1.8.0", "@bufbuild/protobuf@^1.2.1", "@bufbuild/protobuf@^1.7.2", "@bufbuild/protobuf@^1.8.0":
  version "1.8.0"
  resolved "https://registry.yarnpkg.com/@bufbuild/protobuf/-/protobuf-1.8.0.tgz#1c8651ea34adb8019b483e09de02aeeb1cd57d79"
  integrity sha512-qR9FwI8QKIveDnUYutvfzbC21UZJJryYrLuZGjeZ/VGz+vXelUkK+xgkOHsvPEdYEdxtgUUq4313N8QtOehJ1Q==

"@bufbuild/protoc-gen-es@^1.4.2":
  version "1.8.0"
  resolved "https://registry.yarnpkg.com/@bufbuild/protoc-gen-es/-/protoc-gen-es-1.8.0.tgz#b16cca884ccba23f1401104ca002028635a2b169"
  integrity sha512-jnvBKwHq3o/iOgfKxaxn5Za7ay4oAs8KWgoHiDc9Fsb0g+/d1z+mHlHvmevOiCPcVZsnH6V3LImOJvGStPONpA==
  dependencies:
    "@bufbuild/protobuf" "^1.8.0"
    "@bufbuild/protoplugin" "1.8.0"

"@bufbuild/protoplugin@1.8.0", "@bufbuild/protoplugin@^1.7.2":
  version "1.8.0"
  resolved "https://registry.yarnpkg.com/@bufbuild/protoplugin/-/protoplugin-1.8.0.tgz#0e60a79d195ad79d014c263ae9c57f64063d23a5"
  integrity sha512-Pb89cTshW+I577qh27VvxGYvZEvQ3zJ8La1OfzPCKugP9d4A4P65WStkAY+aSCiDHk68m1/+mtBb6elfiLPuFg==
  dependencies:
    "@bufbuild/protobuf" "1.8.0"
    "@typescript/vfs" "^1.4.0"
    typescript "4.5.2"

"@connectrpc/protoc-gen-connect-es@^1.1.3":
  version "1.4.0"
  resolved "https://registry.yarnpkg.com/@connectrpc/protoc-gen-connect-es/-/protoc-gen-connect-es-1.4.0.tgz#428d971bcf2c6b4241058cdf8f98a68723db616f"
  integrity sha512-/7vQ8Q7mEBhV8qEVh/eifRQlQnf8EJ6weMwCD2DljVAQRlZYcW9SLxjYZhV1uM1ZZqQC7Cw2vvgXRg2XQswHBg==
  dependencies:
    "@bufbuild/protobuf" "^1.7.2"
    "@bufbuild/protoplugin" "^1.7.2"

"@types/google-protobuf@^3.15.6":
  version "3.15.12"
  resolved "https://registry.yarnpkg.com/@types/google-protobuf/-/google-protobuf-3.15.12.tgz#eb2ba0eddd65712211a2b455dc6071d665ccf49b"
  integrity sha512-40um9QqwHjRS92qnOaDpL7RmDK15NuZYo9HihiJRbYkMQZlWnuH8AdvbMy8/o6lgLmKbDUKa+OALCltHdbOTpQ==

"@types/node@^18.7.13":
  version "18.18.12"
  resolved "https://registry.yarnpkg.com/@types/node/-/node-18.18.12.tgz#0c40e52e5ff2569386b160f6f6bb019ff1361cb4"
  integrity sha512-G7slVfkwOm7g8VqcEF1/5SXiMjP3Tbt+pXDU3r/qhlM2KkGm786DUD4xyMA2QzEElFrv/KZV9gjygv4LnkpbMQ==
  dependencies:
    undici-types "~5.26.4"

"@typescript/vfs@^1.4.0":
  version "1.5.0"
  resolved "https://registry.yarnpkg.com/@typescript/vfs/-/vfs-1.5.0.tgz#ed942922724f9ace8c07c80b006c47e5e3833218"
  integrity sha512-AJS307bPgbsZZ9ggCT3wwpg3VbTKMFNHfaY/uF0ahSkYYrPF2dSSKDNIDIQAHm9qJqbLvCsSJH7yN4Vs/CsMMg==
  dependencies:
    debug "^4.1.1"

debug@^4.1.1:
  version "4.3.4"
  resolved "https://registry.yarnpkg.com/debug/-/debug-4.3.4.tgz#1319f6579357f2338d3337d2cdd4914bb5dcc865"
  integrity sha512-PRWFHuSU3eDtQJPvnNY7Jcket1j0t5OuOsFzPPzsekD52Zl8qUfFIPEiswXqIvHWGVHOgX+7G/vCNNhehwxfkQ==
  dependencies:
    ms "2.1.2"

google-protobuf@^3.21.2:
  version "3.21.2"
  resolved "https://registry.yarnpkg.com/google-protobuf/-/google-protobuf-3.21.2.tgz#4580a2bea8bbb291ee579d1fefb14d6fa3070ea4"
  integrity sha512-3MSOYFO5U9mPGikIYCzK0SaThypfGgS6bHqrUGXG3DPHCrb+txNqeEcns1W0lkGfk0rCyNXm7xB9rMxnCiZOoA==

ms@2.1.2:
  version "2.1.2"
  resolved "https://registry.yarnpkg.com/ms/-/ms-2.1.2.tgz#d09d1f357b443f493382a8eb3ccd183872ae6009"
  integrity sha512-sGkPx+VjMtmA6MX27oA4FBFELFCZZ4S4XqeGOXCv68tT+jb3vk/RyaKWP0PTKyWtmLSM0b+adUTEvbs1PEaH2w==

typescript@4.5.2:
  version "4.5.2"
  resolved "https://registry.yarnpkg.com/typescript/-/typescript-4.5.2.tgz#8ac1fba9f52256fdb06fb89e4122fa6a346c2998"
  integrity sha512-5BlMof9H1yGt0P8/WF+wPNw6GfctgGjXp5hkblpyT+8rkASSmkUKMXrxR0Xg8ThVCi/JnHQiKXeBaEwCeQwMFw==

typescript@^4.8.2:
  version "4.9.5"
  resolved "https://registry.yarnpkg.com/typescript/-/typescript-4.9.5.tgz#095979f9bcc0d09da324d58d03ce8f8374cbe65a"
  integrity sha512-1FXk9E2Hm+QzZQ7z+McJiHL4NW1F2EzMu9Nq9i3zAaGqibafqYwCVU6WyWAuyQRRzOlxou8xZSyXLEN8oKj24g==

undici-types@~5.26.4:
  version "5.26.5"
  resolved "https://registry.yarnpkg.com/undici-types/-/undici-types-5.26.5.tgz#bcd539893d00b56e964fd2657a4866b221a65617"
  integrity sha512-JlCMO+ehdEIKqlFxk6IfVoAUVmgz7cU7zD/h9XZ0qzeosSHmUJVOzSQvvYSYWXkFXC+IfLKSIffhv0sVZup6pA==
